
Microsoft Visual Studio Solution File, Format Version 12.00
# Visual Studio Version 16
VisualStudioVersion = 16.0.29806.167
MinimumVisualStudioVersion = 10.0.40219.1
Project("{9A19103F-16F7-4668-BE54-9A1E7A4F7556}") = "SecretSanta", "SecretSanta\SecretSanta.csproj", "{76762347-9313-4F16-960C-1E45EB3CB63D}"
EndProject
Project("{FAE04EC0-301F-11D3-BF4B-00C04F79EFBC}") = "SecretSanta.Domain", "SecretSanta.Domain\SecretSanta.Domain.csproj", "{065B9A7F-1AC8-42C8-8F5B-714181EE8125}"
EndProject
Project("{FAE04EC0-301F-11D3-BF4B-00C04F79EFBC}") = "SecretSanta.DomainTest", "SecretSanta.DomainTest\SecretSanta.DomainTest.csproj", "{ABE77105-1851-46C7-9533-E3143897A709}"
EndProject
Global
	GlobalSection(SolutionConfigurationPlatforms) = preSolution
		Debug|Any CPU = Debug|Any CPU
		Release|Any CPU = Release|Any CPU
	EndGlobalSection
	GlobalSection(ProjectConfigurationPlatforms) = postSolution
		{76762347-9313-4F16-960C-1E45EB3CB63D}.Debug|Any CPU.ActiveCfg = Debug|Any CPU
		{76762347-9313-4F16-960C-1E45EB3CB63D}.Debug|Any CPU.Build.0 = Debug|Any CPU
		{76762347-9313-4F16-960C-1E45EB3CB63D}.Release|Any CPU.ActiveCfg = Release|Any CPU
		{76762347-9313-4F16-960C-1E45EB3CB63D}.Release|Any CPU.Build.0 = Release|Any CPU
		{065B9A7F-1AC8-42C8-8F5B-714181EE8125}.Debug|Any CPU.ActiveCfg = Debug|Any CPU
		{065B9A7F-1AC8-42C8-8F5B-714181EE8125}.Debug|Any CPU.Build.0 = Debug|Any CPU
		{065B9A7F-1AC8-42C8-8F5B-714181EE8125}.Release|Any CPU.ActiveCfg = Release|Any CPU
		{065B9A7F-1AC8-42C8-8F5B-714181EE8125}.Release|Any CPU.Build.0 = Release|Any CPU
		{ABE77105-1851-46C7-9533-E3143897A709}.Debug|Any CPU.ActiveCfg = Debug|Any CPU
		{ABE77105-1851-46C7-9533-E3143897A709}.Debug|Any CPU.Build.0 = Debug|Any CPU
		{ABE77105-1851-46C7-9533-E3143897A709}.Release|Any CPU.ActiveCfg = Release|Any CPU
		{ABE77105-1851-46C7-9533-E3143897A709}.Release|Any CPU.Build.0 = Release|Any CPU
	EndGlobalSection
	GlobalSection(SolutionProperties) = preSolution
		HideSolutionNode = FALSE
	EndGlobalSection
	GlobalSection(ExtensibilityGlobals) = postSolution
		SolutionGuid = {4673977D-CF33-4D3F-85CB-C93885FBF35D}
	EndGlobalSection
EndGlobal
